// !$*UTF8*$!
{
	archiveVersion = 1;
	classes = {
	};
	objectVersion = 77;
	objects = {

/* Begin PBXBuildFile section */
		FC03E4702CB02DC40048BB23 /* Localize_Swift in Frameworks */ = {isa = PBXBuildFile; productRef = FC03E46F2CB02DC40048BB23 /* Localize_Swift */; };
		FCB9402B2CB051C300166840 /* CombineMoya in Frameworks */ = {isa = PBXBuildFile; productRef = FCB9402A2CB051C300166840 /* CombineMoya */; };
		FCB9402D2CB051C300166840 /* Moya in Frameworks */ = {isa = PBXBuildFile; productRef = FCB9402C2CB051C300166840 /* Moya */; };
		FCB9402F2CB051C300166840 /* ReactiveMoya in Frameworks */ = {isa = PBXBuildFile; productRef = FCB9402E2CB051C300166840 /* ReactiveMoya */; };
		FCB940312CB051C300166840 /* RxMoya in Frameworks */ = {isa = PBXBuildFile; productRef = FCB940302CB051C300166840 /* RxMoya */; };
		FCB940622CB070F500166840 /* RxBlocking in Frameworks */ = {isa = PBXBuildFile; productRef = FCB940612CB070F500166840 /* RxBlocking */; };
		FCB940662CB070F500166840 /* RxCocoa in Frameworks */ = {isa = PBXBuildFile; productRef = FCB940652CB070F500166840 /* RxCocoa */; };
		FCB9406A2CB070F500166840 /* RxRelay in Frameworks */ = {isa = PBXBuildFile; productRef = FCB940692CB070F500166840 /* RxRelay */; };
/* End PBXBuildFile section */

/* Begin PBXContainerItemProxy section */
		FC03E4402CB008470048BB23 /* PBXContainerItemProxy */ = {
			isa = PBXContainerItemProxy;
			containerPortal = FC03E4212CB008450048BB23 /* Project object */;
			proxyType = 1;
			remoteGlobalIDString = FC03E4282CB008450048BB23;
			remoteInfo = RecipeSearchSwift;
		};
		FC03E44A2CB008470048BB23 /* PBXContainerItemProxy */ = {
			isa = PBXContainerItemProxy;
			containerPortal = FC03E4212CB008450048BB23 /* Project object */;
			proxyType = 1;
			remoteGlobalIDString = FC03E4282CB008450048BB23;
			remoteInfo = RecipeSearchSwift;
		};
/* End PBXContainerItemProxy section */

/* Begin PBXFileReference section */
		FC03E4292CB008450048BB23 /* RecipeSearchSwift.app */ = {isa = PBXFileReference; explicitFileType = wrapper.application; includeInIndex = 0; path = RecipeSearchSwift.app; sourceTree = BUILT_PRODUCTS_DIR; };
		FC03E43F2CB008470048BB23 /* RecipeSearchSwiftTests.xctest */ = {isa = PBXFileReference; explicitFileType = wrapper.cfbundle; includeInIndex = 0; path = RecipeSearchSwiftTests.xctest; sourceTree = BUILT_PRODUCTS_DIR; };
		FC03E4492CB008470048BB23 /* RecipeSearchSwiftUITests.xctest */ = {isa = PBXFileReference; explicitFileType = wrapper.cfbundle; includeInIndex = 0; path = RecipeSearchSwiftUITests.xctest; sourceTree = BUILT_PRODUCTS_DIR; };
/* End PBXFileReference section */

/* Begin PBXFileSystemSynchronizedBuildFileExceptionSet section */
		FC03E4512CB008470048BB23 /* Exceptions for "RecipeSearchSwift" folder in "RecipeSearchSwift" target */ = {
			isa = PBXFileSystemSynchronizedBuildFileExceptionSet;
			membershipExceptions = (
				Info.plist,
			);
			target = FC03E4282CB008450048BB23 /* RecipeSearchSwift */;
		};
/* End PBXFileSystemSynchronizedBuildFileExceptionSet section */

/* Begin PBXFileSystemSynchronizedRootGroup section */
		FC03E42B2CB008450048BB23 /* RecipeSearchSwift */ = {
			isa = PBXFileSystemSynchronizedRootGroup;
			exceptions = (
				FC03E4512CB008470048BB23 /* Exceptions for "RecipeSearchSwift" folder in "RecipeSearchSwift" target */,
			);
			path = RecipeSearchSwift;
			sourceTree = "<group>";
		};
		FC03E4422CB008470048BB23 /* RecipeSearchSwiftTests */ = {
			isa = PBXFileSystemSynchronizedRootGroup;
			path = RecipeSearchSwiftTests;
			sourceTree = "<group>";
		};
		FC03E44C2CB008470048BB23 /* RecipeSearchSwiftUITests */ = {
			isa = PBXFileSystemSynchronizedRootGroup;
			path = RecipeSearchSwiftUITests;
			sourceTree = "<group>";
		};
/* End PBXFileSystemSynchronizedRootGroup section */

/* Begin PBXFrameworksBuildPhase section */
		FC03E4262CB008450048BB23 /* Frameworks */ = {
			isa = PBXFrameworksBuildPhase;
			buildActionMask = 2147483647;
			files = (
				FCB9406A2CB070F500166840 /* RxRelay in Frameworks */,
				FCB940312CB051C300166840 /* RxMoya in Frameworks */,
				FCB940622CB070F500166840 /* RxBlocking in Frameworks */,
				FCB9402B2CB051C300166840 /* CombineMoya in Frameworks */,
				FCB9402F2CB051C300166840 /* ReactiveMoya in Frameworks */,
				FC03E4702CB02DC40048BB23 /* Localize_Swift in Frameworks */,
				FCB940662CB070F500166840 /* RxCocoa in Frameworks */,
				FCB9402D2CB051C300166840 /* Moya in Frameworks */,
			);
			runOnlyForDeploymentPostprocessing = 0;
		};
		FC03E43C2CB008470048BB23 /* Frameworks */ = {
			isa = PBXFrameworksBuildPhase;
			buildActionMask = 2147483647;
			files = (
			);
			runOnlyForDeploymentPostprocessing = 0;
		};
		FC03E4462CB008470048BB23 /* Frameworks */ = {
			isa = PBXFrameworksBuildPhase;
			buildActionMask = 2147483647;
			files = (
			);
			runOnlyForDeploymentPostprocessing = 0;
		};
/* End PBXFrameworksBuildPhase section */

/* Begin PBXGroup section */
		FC03E4202CB008450048BB23 = {
			isa = PBXGroup;
			children = (
				FC03E42B2CB008450048BB23 /* RecipeSearchSwift */,
				FC03E4422CB008470048BB23 /* RecipeSearchSwiftTests */,
				FC03E44C2CB008470048BB23 /* RecipeSearchSwiftUITests */,
				FC03E42A2CB008450048BB23 /* Products */,
			);
			sourceTree = "<group>";
		};
		FC03E42A2CB008450048BB23 /* Products */ = {
			isa = PBXGroup;
			children = (
				FC03E4292CB008450048BB23 /* RecipeSearchSwift.app */,
				FC03E43F2CB008470048BB23 /* RecipeSearchSwiftTests.xctest */,
				FC03E4492CB008470048BB23 /* RecipeSearchSwiftUITests.xctest */,
			);
			name = Products;
			sourceTree = "<group>";
		};
/* End PBXGroup section */

/* Begin PBXNativeTarget section */
		FC03E4282CB008450048BB23 /* RecipeSearchSwift */ = {
			isa = PBXNativeTarget;
			buildConfigurationList = FC03E4522CB008470048BB23 /* Build configuration list for PBXNativeTarget "RecipeSearchSwift" */;
			buildPhases = (
				FC03E4252CB008450048BB23 /* Sources */,
				FC03E4262CB008450048BB23 /* Frameworks */,
				FC03E4272CB008450048BB23 /* Resources */,
			);
			buildRules = (
			);
			dependencies = (
			);
			fileSystemSynchronizedGroups = (
				FC03E42B2CB008450048BB23 /* RecipeSearchSwift */,
			);
			name = RecipeSearchSwift;
			packageProductDependencies = (
				FC03E46F2CB02DC40048BB23 /* Localize_Swift */,
				FCB9402A2CB051C300166840 /* CombineMoya */,
				FCB9402C2CB051C300166840 /* Moya */,
				FCB9402E2CB051C300166840 /* ReactiveMoya */,
				FCB940302CB051C300166840 /* RxMoya */,
				FCB940612CB070F500166840 /* RxBlocking */,
				FCB940652CB070F500166840 /* RxCocoa */,
				FCB940692CB070F500166840 /* RxRelay */,
			);
			productName = RecipeSearchSwift;
			productReference = FC03E4292CB008450048BB23 /* RecipeSearchSwift.app */;
			productType = "com.apple.product-type.application";
		};
		FC03E43E2CB008470048BB23 /* RecipeSearchSwiftTests */ = {
			isa = PBXNativeTarget;
			buildConfigurationList = FC03E4572CB008470048BB23 /* Build configuration list for PBXNativeTarget "RecipeSearchSwiftTests" */;
			buildPhases = (
				FC03E43B2CB008470048BB23 /* Sources */,
				FC03E43C2CB008470048BB23 /* Frameworks */,
				FC03E43D2CB008470048BB23 /* Resources */,
			);
			buildRules = (
			);
			dependencies = (
				FC03E4412CB008470048BB23 /* PBXTargetDependency */,
			);
			fileSystemSynchronizedGroups = (
				FC03E4422CB008470048BB23 /* RecipeSearchSwiftTests */,
			);
			name = RecipeSearchSwiftTests;
			packageProductDependencies = (
			);
			productName = RecipeSearchSwiftTests;
			productReference = FC03E43F2CB008470048BB23 /* RecipeSearchSwiftTests.xctest */;
			productType = "com.apple.product-type.bundle.unit-test";
		};
		FC03E4482CB008470048BB23 /* RecipeSearchSwiftUITests */ = {
			isa = PBXNativeTarget;
			buildConfigurationList = FC03E45A2CB008470048BB23 /* Build configuration list for PBXNativeTarget "RecipeSearchSwiftUITests" */;
			buildPhases = (
				FC03E4452CB008470048BB23 /* Sources */,
				FC03E4462CB008470048BB23 /* Frameworks */,
				FC03E4472CB008470048BB23 /* Resources */,
			);
			buildRules = (
			);
			dependencies = (
				FC03E44B2CB008470048BB23 /* PBXTargetDependency */,
			);
			fileSystemSynchronizedGroups = (
				FC03E44C2CB008470048BB23 /* RecipeSearchSwiftUITests */,
			);
			name = RecipeSearchSwiftUITests;
			packageProductDependencies = (
			);
			productName = RecipeSearchSwiftUITests;
			productReference = FC03E4492CB008470048BB23 /* RecipeSearchSwiftUITests.xctest */;
			productType = "com.apple.product-type.bundle.ui-testing";
		};
/* End PBXNativeTarget section */

/* Begin PBXProject section */
		FC03E4212CB008450048BB23 /* Project object */ = {
			isa = PBXProject;
			attributes = {
				BuildIndependentTargetsInParallel = 1;
				LastSwiftUpdateCheck = 1600;
				LastUpgradeCheck = 1600;
				TargetAttributes = {
					FC03E4282CB008450048BB23 = {
						CreatedOnToolsVersion = 16.0;
					};
					FC03E43E2CB008470048BB23 = {
						CreatedOnToolsVersion = 16.0;
						TestTargetID = FC03E4282CB008450048BB23;
					};
					FC03E4482CB008470048BB23 = {
						CreatedOnToolsVersion = 16.0;
						TestTargetID = FC03E4282CB008450048BB23;
					};
				};
			};
			buildConfigurationList = FC03E4242CB008450048BB23 /* Build configuration list for PBXProject "RecipeSearchSwift" */;
			developmentRegion = en;
			hasScannedForEncodings = 0;
			knownRegions = (
				en,
				Base,
			);
			mainGroup = FC03E4202CB008450048BB23;
			minimizedProjectReferenceProxies = 1;
			packageReferences = (
				FC03E46E2CB02DC40048BB23 /* XCRemoteSwiftPackageReference "Localize-Swift" */,
				FCB940292CB051C300166840 /* XCRemoteSwiftPackageReference "Moya" */,
				FCB940602CB070F500166840 /* XCRemoteSwiftPackageReference "RxSwift" */,
			);
			preferredProjectObjectVersion = 77;
			productRefGroup = FC03E42A2CB008450048BB23 /* Products */;
			projectDirPath = "";
			projectRoot = "";
			targets = (
				FC03E4282CB008450048BB23 /* RecipeSearchSwift */,
				FC03E43E2CB008470048BB23 /* RecipeSearchSwiftTests */,
				FC03E4482CB008470048BB23 /* RecipeSearchSwiftUITests */,
			);
		};
/* End PBXProject section */

/* Begin PBXResourcesBuildPhase section */
		FC03E4272CB008450048BB23 /* Resources */ = {
			isa = PBXResourcesBuildPhase;
			buildActionMask = 2147483647;
			files = (
			);
			runOnlyForDeploymentPostprocessing = 0;
		};
		FC03E43D2CB008470048BB23 /* Resources */ = {
			isa = PBXResourcesBuildPhase;
			buildActionMask = 2147483647;
			files = (
			);
			runOnlyForDeploymentPostprocessing = 0;
		};
		FC03E4472CB008470048BB23 /* Resources */ = {
			isa = PBXResourcesBuildPhase;
			buildActionMask = 2147483647;
			files = (
			);
			runOnlyForDeploymentPostprocessing = 0;
		};
/* End PBXResourcesBuildPhase section */

/* Begin PBXSourcesBuildPhase section */
		FC03E4252CB008450048BB23 /* Sources */ = {
			isa = PBXSourcesBuildPhase;
			buildActionMask = 2147483647;
			files = (
			);
			runOnlyForDeploymentPostprocessing = 0;
		};
		FC03E43B2CB008470048BB23 /* Sources */ = {
			isa = PBXSourcesBuildPhase;
			buildActionMask = 2147483647;
			files = (
			);
			runOnlyForDeploymentPostprocessing = 0;
		};
		FC03E4452CB008470048BB23 /* Sources */ = {
			isa = PBXSourcesBuildPhase;
			buildActionMask = 2147483647;
			files = (
			);
			runOnlyForDeploymentPostprocessing = 0;
		};
/* End PBXSourcesBuildPhase section */

/* Begin PBXTargetDependency section */
		FC03E4412CB008470048BB23 /* PBXTargetDependency */ = {
			isa = PBXTargetDependency;
			target = FC03E4282CB008450048BB23 /* RecipeSearchSwift */;
			targetProxy = FC03E4402CB008470048BB23 /* PBXContainerItemProxy */;
		};
		FC03E44B2CB008470048BB23 /* PBXTargetDependency */ = {
			isa = PBXTargetDependency;
			target = FC03E4282CB008450048BB23 /* RecipeSearchSwift */;
			targetProxy = FC03E44A2CB008470048BB23 /* PBXContainerItemProxy */;
		};
/* End PBXTargetDependency section */

/* Begin XCBuildConfiguration section */
		FC03E4532CB008470048BB23 /* Debug */ = {
			isa = XCBuildConfiguration;
			buildSettings = {
				ASSETCATALOG_COMPILER_APPICON_NAME = AppIcon;
				ASSETCATALOG_COMPILER_GLOBAL_ACCENT_COLOR_NAME = AccentColor;
				CODE_SIGN_STYLE = Automatic;
				CURRENT_PROJECT_VERSION = 1;
				DEVELOPMENT_TEAM = CYFZ3C655U;
				GENERATE_INFOPLIST_FILE = YES;
				INFOPLIST_FILE = RecipeSearchSwift/Info.plist;
				INFOPLIST_KEY_UIApplicationSupportsIndirectInputEvents = YES;
				INFOPLIST_KEY_UILaunchStoryboardName = LaunchScreen;
				INFOPLIST_KEY_UISupportedInterfaceOrientations_iPad = "UIInterfaceOrientationPortrait UIInterfaceOrientationPortraitUpsideDown UIInterfaceOrientationLandscapeLeft UIInterfaceOrientationLandscapeRight";
				INFOPLIST_KEY_UISupportedInterfaceOrientations_iPhone = "UIInterfaceOrientationPortrait UIInterfaceOrientationLandscapeLeft UIInterfaceOrientationLandscapeRight";
				LD_RUNPATH_SEARCH_PATHS = (
					"$(inherited)",
					"@executable_path/Frameworks",
				);
				MARKETING_VERSION = 1.0;
				PRODUCT_BUNDLE_IDENTIFIER = JustSkill.RecipeSearchSwift;
				PRODUCT_NAME = "$(TARGET_NAME)";
				SWIFT_EMIT_LOC_STRINGS = YES;
				SWIFT_VERSION = 5.0;
				TARGETED_DEVICE_FAMILY = "1,2";
			};
			name = Debug;
		};
		FC03E4542CB008470048BB23 /* Release */ = {
			isa = XCBuildConfiguration;
			buildSettings = {
				ASSETCATALOG_COMPILER_APPICON_NAME = AppIcon;
				ASSETCATALOG_COMPILER_GLOBAL_ACCENT_COLOR_NAME = AccentColor;
				CODE_SIGN_STYLE = Automatic;
				CURRENT_PROJECT_VERSION = 1;
				DEVELOPMENT_TEAM = CYFZ3C655U;
				GENERATE_INFOPLIST_FILE = YES;
				INFOPLIST_FILE = RecipeSearchSwift/Info.plist;
				INFOPLIST_KEY_UIApplicationSupportsIndirectInputEvents = YES;
				INFOPLIST_KEY_UILaunchStoryboardName = LaunchScreen;
				INFOPLIST_KEY_UISupportedInterfaceOrientations_iPad = "UIInterfaceOrientationPortrait UIInterfaceOrientationPortraitUpsideDown UIInterfaceOrientationLandscapeLeft UIInterfaceOrientationLandscapeRight";
				INFOPLIST_KEY_UISupportedInterfaceOrientations_iPhone = "UIInterfaceOrientationPortrait UIInterfaceOrientationLandscapeLeft UIInterfaceOrientationLandscapeRight";
				LD_RUNPATH_SEARCH_PATHS = (
					"$(inherited)",
					"@executable_path/Frameworks",
				);
				MARKETING_VERSION = 1.0;
				PRODUCT_BUNDLE_IDENTIFIER = JustSkill.RecipeSearchSwift;
				PRODUCT_NAME = "$(TARGET_NAME)";
				SWIFT_EMIT_LOC_STRINGS = YES;
				SWIFT_VERSION = 5.0;
				TARGETED_DEVICE_FAMILY = "1,2";
			};
			name = Release;
		};
		FC03E4552CB008470048BB23 /* Debug */ = {
			isa = XCBuildConfiguration;
			buildSettings = {
				ALWAYS_SEARCH_USER_PATHS = NO;
				ASSETCATALOG_COMPILER_GENERATE_SWIFT_ASSET_SYMBOL_EXTENSIONS = YES;
				CLANG_ANALYZER_NONNULL = YES;
				CLANG_ANALYZER_NUMBER_OBJECT_CONVERSION = YES_AGGRESSIVE;
				CLANG_CXX_LANGUAGE_STANDARD = "gnu++20";
				CLANG_ENABLE_MODULES = YES;
				CLANG_ENABLE_OBJC_ARC = YES;
				CLANG_ENABLE_OBJC_WEAK = YES;
				CLANG_WARN_BLOCK_CAPTURE_AUTORELEASING = YES;
				CLANG_WARN_BOOL_CONVERSION = YES;
				CLANG_WARN_COMMA = YES;
				CLANG_WARN_CONSTANT_CONVERSION = YES;
				CLANG_WARN_DEPRECATED_OBJC_IMPLEMENTATIONS = YES;
				CLANG_WARN_DIRECT_OBJC_ISA_USAGE = YES_ERROR;
				CLANG_WARN_DOCUMENTATION_COMMENTS = YES;
				CLANG_WARN_EMPTY_BODY = YES;
				CLANG_WARN_ENUM_CONVERSION = YES;
				CLANG_WARN_INFINITE_RECURSION = YES;
				CLANG_WARN_INT_CONVERSION = YES;
				CLANG_WARN_NON_LITERAL_NULL_CONVERSION = YES;
				CLANG_WARN_OBJC_IMPLICIT_RETAIN_SELF = YES;
				CLANG_WARN_OBJC_LITERAL_CONVERSION = YES;
				CLANG_WARN_OBJC_ROOT_CLASS = YES_ERROR;
				CLANG_WARN_QUOTED_INCLUDE_IN_FRAMEWORK_HEADER = YES;
				CLANG_WARN_RANGE_LOOP_ANALYSIS = YES;
				CLANG_WARN_STRICT_PROTOTYPES = YES;
				CLANG_WARN_SUSPICIOUS_MOVE = YES;
				CLANG_WARN_UNGUARDED_AVAILABILITY = YES_AGGRESSIVE;
				CLANG_WARN_UNREACHABLE_CODE = YES;
				CLANG_WARN__DUPLICATE_METHOD_MATCH = YES;
				COPY_PHASE_STRIP = NO;
				DEBUG_INFORMATION_FORMAT = dwarf;
				ENABLE_STRICT_OBJC_MSGSEND = YES;
				ENABLE_TESTABILITY = YES;
				ENABLE_TESTING_SEARCH_PATHS = YES;
				ENABLE_USER_SCRIPT_SANDBOXING = YES;
				GCC_C_LANGUAGE_STANDARD = gnu17;
				GCC_DYNAMIC_NO_PIC = NO;
				GCC_NO_COMMON_BLOCKS = YES;
				GCC_OPTIMIZATION_LEVEL = 0;
				GCC_PREPROCESSOR_DEFINITIONS = (
					"DEBUG=1",
					"$(inherited)",
				);
				GCC_WARN_64_TO_32_BIT_CONVERSION = YES;
				GCC_WARN_ABOUT_RETURN_TYPE = YES_ERROR;
				GCC_WARN_UNDECLARED_SELECTOR = YES;
				GCC_WARN_UNINITIALIZED_AUTOS = YES_AGGRESSIVE;
				GCC_WARN_UNUSED_FUNCTION = YES;
				GCC_WARN_UNUSED_VARIABLE = YES;
				IPHONEOS_DEPLOYMENT_TARGET = 18.0;
				LOCALIZATION_PREFERS_STRING_CATALOGS = YES;
				MTL_ENABLE_DEBUG_INFO = INCLUDE_SOURCE;
				MTL_FAST_MATH = YES;
				ONLY_ACTIVE_ARCH = YES;
				SDKROOT = iphoneos;
				SWIFT_ACTIVE_COMPILATION_CONDITIONS = "DEBUG $(inherited)";
				SWIFT_EMIT_LOC_STRINGS = YES;
				SWIFT_OPTIMIZATION_LEVEL = "-Onone";
			};
			name = Debug;
		};
		FC03E4562CB008470048BB23 /* Release */ = {
			isa = XCBuildConfiguration;
			buildSettings = {
				ALWAYS_SEARCH_USER_PATHS = NO;
				ASSETCATALOG_COMPILER_GENERATE_SWIFT_ASSET_SYMBOL_EXTENSIONS = YES;
				CLANG_ANALYZER_NONNULL = YES;
				CLANG_ANALYZER_NUMBER_OBJECT_CONVERSION = YES_AGGRESSIVE;
				CLANG_CXX_LANGUAGE_STANDARD = "gnu++20";
				CLANG_ENABLE_MODULES = YES;
				CLANG_ENABLE_OBJC_ARC = YES;
				CLANG_ENABLE_OBJC_WEAK = YES;
				CLANG_WARN_BLOCK_CAPTURE_AUTORELEASING = YES;
				CLANG_WARN_BOOL_CONVERSION = YES;
				CLANG_WARN_COMMA = YES;
				CLANG_WARN_CONSTANT_CONVERSION = YES;
				CLANG_WARN_DEPRECATED_OBJC_IMPLEMENTATIONS = YES;
				CLANG_WARN_DIRECT_OBJC_ISA_USAGE = YES_ERROR;
				CLANG_WARN_DOCUMENTATION_COMMENTS = YES;
				CLANG_WARN_EMPTY_BODY = YES;
				CLANG_WARN_ENUM_CONVERSION = YES;
				CLANG_WARN_INFINITE_RECURSION = YES;
				CLANG_WARN_INT_CONVERSION = YES;
				CLANG_WARN_NON_LITERAL_NULL_CONVERSION = YES;
				CLANG_WARN_OBJC_IMPLICIT_RETAIN_SELF = YES;
				CLANG_WARN_OBJC_LITERAL_CONVERSION = YES;
				CLANG_WARN_OBJC_ROOT_CLASS = YES_ERROR;
				CLANG_WARN_QUOTED_INCLUDE_IN_FRAMEWORK_HEADER = YES;
				CLANG_WARN_RANGE_LOOP_ANALYSIS = YES;
				CLANG_WARN_STRICT_PROTOTYPES = YES;
				CLANG_WARN_SUSPICIOUS_MOVE = YES;
				CLANG_WARN_UNGUARDED_AVAILABILITY = YES_AGGRESSIVE;
				CLANG_WARN_UNREACHABLE_CODE = YES;
				CLANG_WARN__DUPLICATE_METHOD_MATCH = YES;
				COPY_PHASE_STRIP = NO;
				DEBUG_INFORMATION_FORMAT = "dwarf-with-dsym";
				ENABLE_NS_ASSERTIONS = NO;
				ENABLE_STRICT_OBJC_MSGSEND = YES;
				ENABLE_TESTING_SEARCH_PATHS = YES;
				ENABLE_USER_SCRIPT_SANDBOXING = YES;
				GCC_C_LANGUAGE_STANDARD = gnu17;
				GCC_NO_COMMON_BLOCKS = YES;
				GCC_WARN_64_TO_32_BIT_CONVERSION = YES;
				GCC_WARN_ABOUT_RETURN_TYPE = YES_ERROR;
				GCC_WARN_UNDECLARED_SELECTOR = YES;
				GCC_WARN_UNINITIALIZED_AUTOS = YES_AGGRESSIVE;
				GCC_WARN_UNUSED_FUNCTION = YES;
				GCC_WARN_UNUSED_VARIABLE = YES;
				IPHONEOS_DEPLOYMENT_TARGET = 18.0;
				LOCALIZATION_PREFERS_STRING_CATALOGS = YES;
				MTL_ENABLE_DEBUG_INFO = NO;
				MTL_FAST_MATH = YES;
				SDKROOT = iphoneos;
				SWIFT_COMPILATION_MODE = wholemodule;
				SWIFT_EMIT_LOC_STRINGS = YES;
				VALIDATE_PRODUCT = YES;
			};
			name = Release;
		};
		FC03E4582CB008470048BB23 /* Debug */ = {
			isa = XCBuildConfiguration;
			buildSettings = {
				BUNDLE_LOADER = "$(TEST_HOST)";
				CODE_SIGN_STYLE = Automatic;
				CURRENT_PROJECT_VERSION = 1;
				DEVELOPMENT_TEAM = CYFZ3C655U;
				GENERATE_INFOPLIST_FILE = YES;
				IPHONEOS_DEPLOYMENT_TARGET = 18.0;
				MARKETING_VERSION = 1.0;
				PRODUCT_BUNDLE_IDENTIFIER = JustSkill.RecipeSearchSwiftTests;
				PRODUCT_NAME = "$(TARGET_NAME)";
				SWIFT_EMIT_LOC_STRINGS = NO;
				SWIFT_VERSION = 5.0;
				TARGETED_DEVICE_FAMILY = "1,2";
				TEST_HOST = "$(BUILT_PRODUCTS_DIR)/RecipeSearchSwift.app/$(BUNDLE_EXECUTABLE_FOLDER_PATH)/RecipeSearchSwift";
			};
			name = Debug;
		};
		FC03E4592CB008470048BB23 /* Release */ = {
			isa = XCBuildConfiguration;
			buildSettings = {
				BUNDLE_LOADER = "$(TEST_HOST)";
				CODE_SIGN_STYLE = Automatic;
				CURRENT_PROJECT_VERSION = 1;
				DEVELOPMENT_TEAM = CYFZ3C655U;
				GENERATE_INFOPLIST_FILE = YES;
				IPHONEOS_DEPLOYMENT_TARGET = 18.0;
				MARKETING_VERSION = 1.0;
				PRODUCT_BUNDLE_IDENTIFIER = JustSkill.RecipeSearchSwiftTests;
				PRODUCT_NAME = "$(TARGET_NAME)";
				SWIFT_EMIT_LOC_STRINGS = NO;
				SWIFT_VERSION = 5.0;
				TARGETED_DEVICE_FAMILY = "1,2";
				TEST_HOST = "$(BUILT_PRODUCTS_DIR)/RecipeSearchSwift.app/$(BUNDLE_EXECUTABLE_FOLDER_PATH)/RecipeSearchSwift";
			};
			name = Release;
		};
		FC03E45B2CB008470048BB23 /* Debug */ = {
			isa = XCBuildConfiguration;
			buildSettings = {
				CODE_SIGN_STYLE = Automatic;
				CURRENT_PROJECT_VERSION = 1;
				DEVELOPMENT_TEAM = CYFZ3C655U;
				GENERATE_INFOPLIST_FILE = YES;
				MARKETING_VERSION = 1.0;
				PRODUCT_BUNDLE_IDENTIFIER = JustSkill.RecipeSearchSwiftUITests;
				PRODUCT_NAME = "$(TARGET_NAME)";
				SWIFT_EMIT_LOC_STRINGS = NO;
				SWIFT_VERSION = 5.0;
				TARGETED_DEVICE_FAMILY = "1,2";
				TEST_TARGET_NAME = RecipeSearchSwift;
			};
			name = Debug;
		};
		FC03E45C2CB008470048BB23 /* Release */ = {
			isa = XCBuildConfiguration;
			buildSettings = {
				CODE_SIGN_STYLE = Automatic;
				CURRENT_PROJECT_VERSION = 1;
				DEVELOPMENT_TEAM = CYFZ3C655U;
				GENERATE_INFOPLIST_FILE = YES;
				MARKETING_VERSION = 1.0;
				PRODUCT_BUNDLE_IDENTIFIER = JustSkill.RecipeSearchSwiftUITests;
				PRODUCT_NAME = "$(TARGET_NAME)";
				SWIFT_EMIT_LOC_STRINGS = NO;
				SWIFT_VERSION = 5.0;
				TARGETED_DEVICE_FAMILY = "1,2";
				TEST_TARGET_NAME = RecipeSearchSwift;
			};
			name = Release;
		};
/* End XCBuildConfiguration section */

/* Begin XCConfigurationList section */
		FC03E4242CB008450048BB23 /* Build configuration list for PBXProject "RecipeSearchSwift" */ = {
			isa = XCConfigurationList;
			buildConfigurations = (
				FC03E4552CB008470048BB23 /* Debug */,
				FC03E4562CB008470048BB23 /* Release */,
			);
			defaultConfigurationIsVisible = 0;
			defaultConfigurationName = Release;
		};
		FC03E4522CB008470048BB23 /* Build configuration list for PBXNativeTarget "RecipeSearchSwift" */ = {
			isa = XCConfigurationList;
			buildConfigurations = (
				FC03E4532CB008470048BB23 /* Debug */,
				FC03E4542CB008470048BB23 /* Release */,
			);
			defaultConfigurationIsVisible = 0;
			defaultConfigurationName = Release;
		};
		FC03E4572CB008470048BB23 /* Build configuration list for PBXNativeTarget "RecipeSearchSwiftTests" */ = {
			isa = XCConfigurationList;
			buildConfigurations = (
				FC03E4582CB008470048BB23 /* Debug */,
				FC03E4592CB008470048BB23 /* Release */,
			);
			defaultConfigurationIsVisible = 0;
			defaultConfigurationName = Release;
		};
		FC03E45A2CB008470048BB23 /* Build configuration list for PBXNativeTarget "RecipeSearchSwiftUITests" */ = {
			isa = XCConfigurationList;
			buildConfigurations = (
				FC03E45B2CB008470048BB23 /* Debug */,
				FC03E45C2CB008470048BB23 /* Release */,
			);
			defaultConfigurationIsVisible = 0;
			defaultConfigurationName = Release;
		};
/* End XCConfigurationList section */

/* Begin XCRemoteSwiftPackageReference section */
		FC03E46E2CB02DC40048BB23 /* XCRemoteSwiftPackageReference "Localize-Swift" */ = {
			isa = XCRemoteSwiftPackageReference;
			repositoryURL = "https://github.com/marmelroy/Localize-Swift";
			requirement = {
				kind = upToNextMajorVersion;
				minimumVersion = 3.2.0;
			};
		};
		FCB940292CB051C300166840 /* XCRemoteSwiftPackageReference "Moya" */ = {
			isa = XCRemoteSwiftPackageReference;
			repositoryURL = "https://github.com/Moya/Moya";
			requirement = {
				kind = upToNextMajorVersion;
				minimumVersion = 15.0.3;
			};
		};
		FCB940602CB070F500166840 /* XCRemoteSwiftPackageReference "RxSwift" */ = {
			isa = XCRemoteSwiftPackageReference;
			repositoryURL = "https://github.com/ReactiveX/RxSwift";
			requirement = {
				kind = upToNextMajorVersion;
				minimumVersion = 6.0.0;
			};
		};
/* End XCRemoteSwiftPackageReference section */

/* Begin XCSwiftPackageProductDependency section */
		FC03E46F2CB02DC40048BB23 /* Localize_Swift */ = {
			isa = XCSwiftPackageProductDependency;
			package = FC03E46E2CB02DC40048BB23 /* XCRemoteSwiftPackageReference "Localize-Swift" */;
			productName = Localize_Swift;
		};
		FCB9402A2CB051C300166840 /* CombineMoya */ = {
			isa = XCSwiftPackageProductDependency;
			package = FCB940292CB051C300166840 /* XCRemoteSwiftPackageReference "Moya" */;
			productName = CombineMoya;
		};
		FCB9402C2CB051C300166840 /* Moya */ = {
			isa = XCSwiftPackageProductDependency;
			package = FCB940292CB051C300166840 /* XCRemoteSwiftPackageReference "Moya" */;
			productName = Moya;
		};
		FCB9402E2CB051C300166840 /* ReactiveMoya */ = {
			isa = XCSwiftPackageProductDependency;
			package = FCB940292CB051C300166840 /* XCRemoteSwiftPackageReference "Moya" */;
			productName = ReactiveMoya;
		};
		FCB940302CB051C300166840 /* RxMoya */ = {
			isa = XCSwiftPackageProductDependency;
			package = FCB940292CB051C300166840 /* XCRemoteSwiftPackageReference "Moya" */;
			productName = RxMoya;
		};
		FCB940612CB070F500166840 /* RxBlocking */ = {
			isa = XCSwiftPackageProductDependency;
			package = FCB940602CB070F500166840 /* XCRemoteSwiftPackageReference "RxSwift" */;
			productName = RxBlocking;
		};
		FCB940652CB070F500166840 /* RxCocoa */ = {
			isa = XCSwiftPackageProductDependency;
			package = FCB940602CB070F500166840 /* XCRemoteSwiftPackageReference "RxSwift" */;
			productName = RxCocoa;
		};
		FCB940692CB070F500166840 /* RxRelay */ = {
			isa = XCSwiftPackageProductDependency;
			package = FCB940602CB070F500166840 /* XCRemoteSwiftPackageReference "RxSwift" */;
			productName = RxRelay;
		};
/* End XCSwiftPackageProductDependency section */
	};
	rootObject = FC03E4212CB008450048BB23 /* Project object */;
}
